
Microsoft Visual Studio Solution File, Format Version 12.00
# Visual Studio Version 16
VisualStudioVersion = 16.0.29201.188
MinimumVisualStudioVersion = 10.0.40219.1
Project("{9A19103F-16F7-4668-BE54-9A1E7A4F7556}") = "MLServiceAPI", "MLService-API\MLServiceAPI.csproj", "{D011BF56-C4E1-4E05-BD1E-D1D63A379359}"
EndProject
Global
	GlobalSection(SolutionConfigurationPlatforms) = preSolution
		Debug|Any CPU = Debug|Any CPU
		Release|Any CPU = Release|Any CPU
	EndGlobalSection
	GlobalSection(ProjectConfigurationPlatforms) = postSolution
		{D011BF56-C4E1-4E05-BD1E-D1D63A379359}.Debug|Any CPU.ActiveCfg = Debug|Any CPU
		{D011BF56-C4E1-4E05-BD1E-D1D63A379359}.Debug|Any CPU.Build.0 = Debug|Any CPU
		{D011BF56-C4E1-4E05-BD1E-D1D63A379359}.Release|Any CPU.ActiveCfg = Release|Any CPU
		{D011BF56-C4E1-4E05-BD1E-D1D63A379359}.Release|Any CPU.Build.0 = Release|Any CPU
	EndGlobalSection
	GlobalSection(SolutionProperties) = preSolution
		HideSolutionNode = FALSE
	EndGlobalSection
	GlobalSection(ExtensibilityGlobals) = postSolution
		SolutionGuid = {61AAA2B0-BAB8-421C-AB68-AD9075CF2744}
	EndGlobalSection
EndGlobal
